
Microsoft Visual Studio Solution File, Format Version 12.00
# Visual Studio Version 17
VisualStudioVersion = 17.7.34024.191
MinimumVisualStudioVersion = 10.0.40219.1
Project("{9A19103F-16F7-4668-BE54-9A1E7A4F7556}") = "CNNAutomation", "CNNAutomation.csproj", "{2A3DCC1A-6FF5-40A2-BC12-19A13A09E486}"
EndProject
Project("{FAE04EC0-301F-11D3-BF4B-00C04F79EFBC}") = "CNNAutomationPortalTests", "..\CNNAutomationPortalTests\CNNAutomationPortalTests.csproj", "{80C12AF4-D873-4C24-9C6C-ED5602C3FDFF}"
EndProject
Global
	GlobalSection(SolutionConfigurationPlatforms) = preSolution
		Debug|Any CPU = Debug|Any CPU
		Release|Any CPU = Release|Any CPU
	EndGlobalSection
	GlobalSection(ProjectConfigurationPlatforms) = postSolution
		{2A3DCC1A-6FF5-40A2-BC12-19A13A09E486}.Debug|Any CPU.ActiveCfg = Debug|Any CPU
		{2A3DCC1A-6FF5-40A2-BC12-19A13A09E486}.Debug|Any CPU.Build.0 = Debug|Any CPU
		{2A3DCC1A-6FF5-40A2-BC12-19A13A09E486}.Release|Any CPU.ActiveCfg = Release|Any CPU
		{2A3DCC1A-6FF5-40A2-BC12-19A13A09E486}.Release|Any CPU.Build.0 = Release|Any CPU
		{80C12AF4-D873-4C24-9C6C-ED5602C3FDFF}.Debug|Any CPU.ActiveCfg = Debug|Any CPU
		{80C12AF4-D873-4C24-9C6C-ED5602C3FDFF}.Debug|Any CPU.Build.0 = Debug|Any CPU
		{80C12AF4-D873-4C24-9C6C-ED5602C3FDFF}.Release|Any CPU.ActiveCfg = Release|Any CPU
		{80C12AF4-D873-4C24-9C6C-ED5602C3FDFF}.Release|Any CPU.Build.0 = Release|Any CPU
	EndGlobalSection
	GlobalSection(SolutionProperties) = preSolution
		HideSolutionNode = FALSE
	EndGlobalSection
	GlobalSection(ExtensibilityGlobals) = postSolution
		SolutionGuid = {C843392A-A281-4A93-B4E6-82EE89A0CABA}
	EndGlobalSection
EndGlobal
